
Microsoft Visual Studio Solution File, Format Version 12.00
# Visual Studio Version 17
VisualStudioVersion = 17.0.31919.166
MinimumVisualStudioVersion = 10.0.40219.1
Project("{9A19103F-16F7-4668-BE54-9A1E7A4F7556}") = "CrudeObservatory.CLI", "Programs\CrudeObservatory.CLI\CrudeObservatory.CLI.csproj", "{E27C6201-061C-42F4-8263-2FE702A5FADF}"
EndProject
Project("{9A19103F-16F7-4668-BE54-9A1E7A4F7556}") = "OptimizedLibplctagReads", "Sandbox\OptimizedLibplctagReads\OptimizedLibplctagReads.csproj", "{D952305F-17C9-4F5A-9917-880A8926C372}"
EndProject
Project("{9A19103F-16F7-4668-BE54-9A1E7A4F7556}") = "UnitTests", "Tests\UnitTests\UnitTests.csproj", "{0D62C088-E927-4BDE-B763-13D6581BA3D0}"
EndProject
Project("{9A19103F-16F7-4668-BE54-9A1E7A4F7556}") = "CrudeObservatory.Abstractions", "Libraries\CrudeObservatory.Abstractions\CrudeObservatory.Abstractions.csproj", "{0E64B7BF-04BA-4DD9-AA4F-26D0CE937AA3}"
EndProject
Project("{9A19103F-16F7-4668-BE54-9A1E7A4F7556}") = "CrudeObservatory.Triggers", "Libraries\CrudeObservatory.Triggers\CrudeObservatory.Triggers.csproj", "{6D7668CE-8DB0-4FF1-993C-714D6551342B}"
EndProject
Project("{9A19103F-16F7-4668-BE54-9A1E7A4F7556}") = "CrudeObservatory.DataSources", "Libraries\CrudeObservatory.DataSources\CrudeObservatory.DataSources.csproj", "{087098C4-99C6-474D-B81E-91FAB26FF4C2}"
EndProject
Project("{9A19103F-16F7-4668-BE54-9A1E7A4F7556}") = "CrudeObservatory.DataTargets", "Libraries\CrudeObservatory.DataTargets\CrudeObservatory.DataTargets.csproj", "{56E4879E-3F9F-4A7C-BFAC-F69BD13E5EC5}"
EndProject
Project("{9A19103F-16F7-4668-BE54-9A1E7A4F7556}") = "CrudeObservatory.Intervals", "Libraries\CrudeObservatory.Intervals\CrudeObservatory.Intervals.csproj", "{DB643DE7-1E2C-459A-9A33-547D74F4985A}"
EndProject
Project("{9A19103F-16F7-4668-BE54-9A1E7A4F7556}") = "CrudeObservatory.Acquisition", "Libraries\CrudeObservatory.Acquisition\CrudeObservatory.Acquisition.csproj", "{98E8650F-5DBA-4D41-B5C7-2C198C45C6A3}"
EndProject
Project("{2150E333-8FDC-42A3-9474-1A3956D46DE8}") = "Programs", "Programs", "{9D81AA10-B393-44A4-A4DA-AB2666F43247}"
EndProject
Project("{2150E333-8FDC-42A3-9474-1A3956D46DE8}") = "Libraries", "Libraries", "{B5D97AC7-3DA6-428C-A848-522490F68C76}"
EndProject
Project("{2150E333-8FDC-42A3-9474-1A3956D46DE8}") = "Tests", "Tests", "{CEC7A08A-77E8-4082-BA27-06A116508DE2}"
EndProject
Project("{2150E333-8FDC-42A3-9474-1A3956D46DE8}") = "Sandbox", "Sandbox", "{F4409B4C-6B3E-49B6-8980-AEA8BC83FC66}"
EndProject
Project("{FAE04EC0-301F-11D3-BF4B-00C04F79EFBC}") = "InfluxClient", "Sandbox\InfluxClient\InfluxClient.csproj", "{163BADD0-2F06-431F-8387-0D68EEC2792B}"
EndProject
Global
	GlobalSection(SolutionConfigurationPlatforms) = preSolution
		Debug|Any CPU = Debug|Any CPU
		Release|Any CPU = Release|Any CPU
	EndGlobalSection
	GlobalSection(ProjectConfigurationPlatforms) = postSolution
		{E27C6201-061C-42F4-8263-2FE702A5FADF}.Debug|Any CPU.ActiveCfg = Debug|Any CPU
		{E27C6201-061C-42F4-8263-2FE702A5FADF}.Debug|Any CPU.Build.0 = Debug|Any CPU
		{E27C6201-061C-42F4-8263-2FE702A5FADF}.Release|Any CPU.ActiveCfg = Release|Any CPU
		{E27C6201-061C-42F4-8263-2FE702A5FADF}.Release|Any CPU.Build.0 = Release|Any CPU
		{D952305F-17C9-4F5A-9917-880A8926C372}.Debug|Any CPU.ActiveCfg = Debug|Any CPU
		{D952305F-17C9-4F5A-9917-880A8926C372}.Debug|Any CPU.Build.0 = Debug|Any CPU
		{D952305F-17C9-4F5A-9917-880A8926C372}.Release|Any CPU.ActiveCfg = Release|Any CPU
		{D952305F-17C9-4F5A-9917-880A8926C372}.Release|Any CPU.Build.0 = Release|Any CPU
		{0D62C088-E927-4BDE-B763-13D6581BA3D0}.Debug|Any CPU.ActiveCfg = Debug|Any CPU
		{0D62C088-E927-4BDE-B763-13D6581BA3D0}.Debug|Any CPU.Build.0 = Debug|Any CPU
		{0D62C088-E927-4BDE-B763-13D6581BA3D0}.Release|Any CPU.ActiveCfg = Release|Any CPU
		{0D62C088-E927-4BDE-B763-13D6581BA3D0}.Release|Any CPU.Build.0 = Release|Any CPU
		{0E64B7BF-04BA-4DD9-AA4F-26D0CE937AA3}.Debug|Any CPU.ActiveCfg = Debug|Any CPU
		{0E64B7BF-04BA-4DD9-AA4F-26D0CE937AA3}.Debug|Any CPU.Build.0 = Debug|Any CPU
		{0E64B7BF-04BA-4DD9-AA4F-26D0CE937AA3}.Release|Any CPU.ActiveCfg = Release|Any CPU
		{0E64B7BF-04BA-4DD9-AA4F-26D0CE937AA3}.Release|Any CPU.Build.0 = Release|Any CPU
		{6D7668CE-8DB0-4FF1-993C-714D6551342B}.Debug|Any CPU.ActiveCfg = Debug|Any CPU
		{6D7668CE-8DB0-4FF1-993C-714D6551342B}.Debug|Any CPU.Build.0 = Debug|Any CPU
		{6D7668CE-8DB0-4FF1-993C-714D6551342B}.Release|Any CPU.ActiveCfg = Release|Any CPU
		{6D7668CE-8DB0-4FF1-993C-714D6551342B}.Release|Any CPU.Build.0 = Release|Any CPU
		{087098C4-99C6-474D-B81E-91FAB26FF4C2}.Debug|Any CPU.ActiveCfg = Debug|Any CPU
		{087098C4-99C6-474D-B81E-91FAB26FF4C2}.Debug|Any CPU.Build.0 = Debug|Any CPU
		{087098C4-99C6-474D-B81E-91FAB26FF4C2}.Release|Any CPU.ActiveCfg = Release|Any CPU
		{087098C4-99C6-474D-B81E-91FAB26FF4C2}.Release|Any CPU.Build.0 = Release|Any CPU
		{56E4879E-3F9F-4A7C-BFAC-F69BD13E5EC5}.Debug|Any CPU.ActiveCfg = Debug|Any CPU
		{56E4879E-3F9F-4A7C-BFAC-F69BD13E5EC5}.Debug|Any CPU.Build.0 = Debug|Any CPU
		{56E4879E-3F9F-4A7C-BFAC-F69BD13E5EC5}.Release|Any CPU.ActiveCfg = Release|Any CPU
		{56E4879E-3F9F-4A7C-BFAC-F69BD13E5EC5}.Release|Any CPU.Build.0 = Release|Any CPU
		{DB643DE7-1E2C-459A-9A33-547D74F4985A}.Debug|Any CPU.ActiveCfg = Debug|Any CPU
		{DB643DE7-1E2C-459A-9A33-547D74F4985A}.Debug|Any CPU.Build.0 = Debug|Any CPU
		{DB643DE7-1E2C-459A-9A33-547D74F4985A}.Release|Any CPU.ActiveCfg = Release|Any CPU
		{DB643DE7-1E2C-459A-9A33-547D74F4985A}.Release|Any CPU.Build.0 = Release|Any CPU
		{98E8650F-5DBA-4D41-B5C7-2C198C45C6A3}.Debug|Any CPU.ActiveCfg = Debug|Any CPU
		{98E8650F-5DBA-4D41-B5C7-2C198C45C6A3}.Debug|Any CPU.Build.0 = Debug|Any CPU
		{98E8650F-5DBA-4D41-B5C7-2C198C45C6A3}.Release|Any CPU.ActiveCfg = Release|Any CPU
		{98E8650F-5DBA-4D41-B5C7-2C198C45C6A3}.Release|Any CPU.Build.0 = Release|Any CPU
		{163BADD0-2F06-431F-8387-0D68EEC2792B}.Debug|Any CPU.ActiveCfg = Debug|Any CPU
		{163BADD0-2F06-431F-8387-0D68EEC2792B}.Debug|Any CPU.Build.0 = Debug|Any CPU
		{163BADD0-2F06-431F-8387-0D68EEC2792B}.Release|Any CPU.ActiveCfg = Release|Any CPU
		{163BADD0-2F06-431F-8387-0D68EEC2792B}.Release|Any CPU.Build.0 = Release|Any CPU
	EndGlobalSection
	GlobalSection(SolutionProperties) = preSolution
		HideSolutionNode = FALSE
	EndGlobalSection
	GlobalSection(NestedProjects) = preSolution
		{E27C6201-061C-42F4-8263-2FE702A5FADF} = {9D81AA10-B393-44A4-A4DA-AB2666F43247}
		{D952305F-17C9-4F5A-9917-880A8926C372} = {F4409B4C-6B3E-49B6-8980-AEA8BC83FC66}
		{0D62C088-E927-4BDE-B763-13D6581BA3D0} = {CEC7A08A-77E8-4082-BA27-06A116508DE2}
		{0E64B7BF-04BA-4DD9-AA4F-26D0CE937AA3} = {B5D97AC7-3DA6-428C-A848-522490F68C76}
		{6D7668CE-8DB0-4FF1-993C-714D6551342B} = {B5D97AC7-3DA6-428C-A848-522490F68C76}
		{087098C4-99C6-474D-B81E-91FAB26FF4C2} = {B5D97AC7-3DA6-428C-A848-522490F68C76}
		{56E4879E-3F9F-4A7C-BFAC-F69BD13E5EC5} = {B5D97AC7-3DA6-428C-A848-522490F68C76}
		{DB643DE7-1E2C-459A-9A33-547D74F4985A} = {B5D97AC7-3DA6-428C-A848-522490F68C76}
		{98E8650F-5DBA-4D41-B5C7-2C198C45C6A3} = {B5D97AC7-3DA6-428C-A848-522490F68C76}
		{163BADD0-2F06-431F-8387-0D68EEC2792B} = {F4409B4C-6B3E-49B6-8980-AEA8BC83FC66}
	EndGlobalSection
	GlobalSection(ExtensibilityGlobals) = postSolution
		SolutionGuid = {00689B49-5496-4D24-900C-17671694BD26}
	EndGlobalSection
EndGlobal
